
Microsoft Visual Studio Solution File, Format Version 12.00
# Visual Studio Version 16
VisualStudioVersion = 16.0.29613.14
MinimumVisualStudioVersion = 10.0.40219.1
Project("{9A19103F-16F7-4668-BE54-9A1E7A4F7556}") = "RestrictedProcess", "RestrictedProcess\RestrictedProcess.csproj", "{7CF0598F-96EF-4E7D-BDE6-2D1F42C8D6EF}"
EndProject
Project("{FAE04EC0-301F-11D3-BF4B-00C04F79EFBC}") = "RestrictedProcess.Tests", "RestrictedProcess.Tests\RestrictedProcess.Tests.csproj", "{C7664597-A7C0-42C3-8C6D-FFD0B135975B}"
EndProject
Global
	GlobalSection(SolutionConfigurationPlatforms) = preSolution
		Debug|Any CPU = Debug|Any CPU
		Release|Any CPU = Release|Any CPU
	EndGlobalSection
	GlobalSection(ProjectConfigurationPlatforms) = postSolution
		{7CF0598F-96EF-4E7D-BDE6-2D1F42C8D6EF}.Debug|Any CPU.ActiveCfg = Debug|Any CPU
		{7CF0598F-96EF-4E7D-BDE6-2D1F42C8D6EF}.Debug|Any CPU.Build.0 = Debug|Any CPU
		{7CF0598F-96EF-4E7D-BDE6-2D1F42C8D6EF}.Release|Any CPU.ActiveCfg = Release|Any CPU
		{7CF0598F-96EF-4E7D-BDE6-2D1F42C8D6EF}.Release|Any CPU.Build.0 = Release|Any CPU
		{C7664597-A7C0-42C3-8C6D-FFD0B135975B}.Debug|Any CPU.ActiveCfg = Debug|Any CPU
		{C7664597-A7C0-42C3-8C6D-FFD0B135975B}.Debug|Any CPU.Build.0 = Debug|Any CPU
		{C7664597-A7C0-42C3-8C6D-FFD0B135975B}.Release|Any CPU.ActiveCfg = Release|Any CPU
		{C7664597-A7C0-42C3-8C6D-FFD0B135975B}.Release|Any CPU.Build.0 = Release|Any CPU
	EndGlobalSection
	GlobalSection(SolutionProperties) = preSolution
		HideSolutionNode = FALSE
	EndGlobalSection
	GlobalSection(ExtensibilityGlobals) = postSolution
		SolutionGuid = {8CE9036C-DD79-4725-97E2-F187B3C3A2D8}
	EndGlobalSection
EndGlobal
